
Microsoft Visual Studio Solution File, Format Version 12.00
# Visual Studio Version 17
VisualStudioVersion = 17.14.36811.4 d17.14
MinimumVisualStudioVersion = 10.0.40219.1
Project("{FAE04EC0-301F-11D3-BF4B-00C04F79EFBC}") = "Portfolio-tracker", "Portfolio-tracker\Portfolio-tracker.csproj", "{8215DD2A-4DD9-4E79-B6B9-54AC102AE142}"
EndProject
Global
	GlobalSection(SolutionConfigurationPlatforms) = preSolution
		Debug|Any CPU = Debug|Any CPU
		Release|Any CPU = Release|Any CPU
	EndGlobalSection
	GlobalSection(ProjectConfigurationPlatforms) = postSolution
		{8215DD2A-4DD9-4E79-B6B9-54AC102AE142}.Debug|Any CPU.ActiveCfg = Debug|Any CPU
		{8215DD2A-4DD9-4E79-B6B9-54AC102AE142}.Debug|Any CPU.Build.0 = Debug|Any CPU
		{8215DD2A-4DD9-4E79-B6B9-54AC102AE142}.Release|Any CPU.ActiveCfg = Release|Any CPU
		{8215DD2A-4DD9-4E79-B6B9-54AC102AE142}.Release|Any CPU.Build.0 = Release|Any CPU
	EndGlobalSection
	GlobalSection(SolutionProperties) = preSolution
		HideSolutionNode = FALSE
	EndGlobalSection
	GlobalSection(ExtensibilityGlobals) = postSolution
		SolutionGuid = {4C844E34-F712-4902-9167-2D4E7FDFD58A}
	EndGlobalSection
EndGlobal
